# THIS IS AN AUTOGENERATED FILE. DO NOT EDIT THIS FILE DIRECTLY.
# yarn lockfile v1


"@openzeppelin/contracts@^4.8.0":
  version "4.8.0"
  resolved "https://registry.npmmirror.com/@openzeppelin/contracts/-/contracts-4.8.0.tgz#6854c37df205dd2c056bdfa1b853f5d732109109"
  integrity sha512-AGuwhRRL+NaKx73WKRNzeCxOCOCxpaqF+kp8TJ89QzAipSwZy/NoflkWaL9bywXFRhIzXt8j38sfF7KBKCPWLw==

closedsea@^1.0.0:
  version "1.0.0"
  resolved "https://registry.npmmirror.com/closedsea/-/closedsea-1.0.0.tgz#aeee6a266da6e1e53feca5096c8140561a7c6958"
  integrity sha512-LIE4wGquD1DwpNU8+7zm7jBxXg4/iyFYHjyoGi1auLL7C5trU9IBcK6sagazm7/J0j4JK6a0gFjXMVMDePz20g==

erc721a@^4.2.3:
  version "4.2.3"
  resolved "https://registry.npmmirror.com/erc721a/-/erc721a-4.2.3.tgz#ca6469b0e54afb0f614272c2147dc4cb49ff223f"
  integrity sha512-0deF0hOOK1XI1Vxv3NKDh2E9sgzRlENuOoexjXRJIRfYCsLlqi9ejl2RF6Wcd9HfH0ldqC03wleQ2WDjxoOUvA==
